
Microsoft Visual Studio Solution File, Format Version 12.00
# Visual Studio 15
VisualStudioVersion = 15.0.28307.168
MinimumVisualStudioVersion = 10.0.40219.1
Project("{9A19103F-16F7-4668-BE54-9A1E7A4F7556}") = "DV_Prog4_EE", "DV_Prog4_EE\DV_Prog4_EE.csproj", "{C1B0D42C-DFC4-4505-9957-66A15766469A}"
EndProject
Project("{9A19103F-16F7-4668-BE54-9A1E7A4F7556}") = "WebAPIDV", "WebAPIDV\WebAPIDV.csproj", "{F6F57A20-988A-4C0B-B98B-A42E6546C489}"
EndProject
Global
	GlobalSection(SolutionConfigurationPlatforms) = preSolution
		Debug|Any CPU = Debug|Any CPU
		Release|Any CPU = Release|Any CPU
	EndGlobalSection
	GlobalSection(ProjectConfigurationPlatforms) = postSolution
		{C1B0D42C-DFC4-4505-9957-66A15766469A}.Debug|Any CPU.ActiveCfg = Debug|Any CPU
		{C1B0D42C-DFC4-4505-9957-66A15766469A}.Debug|Any CPU.Build.0 = Debug|Any CPU
		{C1B0D42C-DFC4-4505-9957-66A15766469A}.Release|Any CPU.ActiveCfg = Release|Any CPU
		{C1B0D42C-DFC4-4505-9957-66A15766469A}.Release|Any CPU.Build.0 = Release|Any CPU
		{F6F57A20-988A-4C0B-B98B-A42E6546C489}.Debug|Any CPU.ActiveCfg = Debug|Any CPU
		{F6F57A20-988A-4C0B-B98B-A42E6546C489}.Debug|Any CPU.Build.0 = Debug|Any CPU
		{F6F57A20-988A-4C0B-B98B-A42E6546C489}.Release|Any CPU.ActiveCfg = Release|Any CPU
		{F6F57A20-988A-4C0B-B98B-A42E6546C489}.Release|Any CPU.Build.0 = Release|Any CPU
	EndGlobalSection
	GlobalSection(SolutionProperties) = preSolution
		HideSolutionNode = FALSE
	EndGlobalSection
	GlobalSection(ExtensibilityGlobals) = postSolution
		SolutionGuid = {7BABCE4A-0754-4834-83ED-D04FF3413935}
	EndGlobalSection
EndGlobal
